{
  "name": "james",
  "version": "1.0.0",
  "lockfileVersion": 1,
  "requires": true,
  "dependencies": {
    "@babel/runtime": {
      "version": "7.17.0",
      "resolved": "https://registry.npmjs.org/@babel/runtime/-/runtime-7.17.0.tgz",
      "integrity": "sha512-etcO/ohMNaNA2UBdaXBBSX/3aEzFMRrVfaPv8Ptc0k+cWpWW0QFiGZ2XnVqQZI1Cf734LbPGmqBKWESfW4x/dQ==",
      "requires": {
        "regenerator-runtime": "^0.13.4"
      }
    },
    "@videojs/http-streaming": {
      "version": "2.9.2",
      "resolved": "https://registry.npmjs.org/@videojs/http-streaming/-/http-streaming-2.9.2.tgz",
      "integrity": "sha512-2ZsxJn4/nZZ6k6jIhic2l9ynGmKwprtuI5b3+M6JgqOSLvQQ/ah+heVs/0g2Ze7qJxodqR+aSY948JwJIz1gCw==",
      "requires": {
        "@babel/runtime": "^7.12.5",
        "@videojs/vhs-utils": "^3.0.2",
        "aes-decrypter": "3.1.2",
        "global": "^4.4.0",
        "m3u8-parser": "4.7.0",
        "mpd-parser": "0.17.0",
        "mux.js": "5.12.2",
        "video.js": "^6 || ^7"
      }
    },
    "@videojs/vhs-utils": {
      "version": "3.0.4",
      "resolved": "https://registry.npmjs.org/@videojs/vhs-utils/-/vhs-utils-3.0.4.tgz",
      "integrity": "sha512-hui4zOj2I1kLzDgf8QDVxD3IzrwjS/43KiS8IHQO0OeeSsb4pB/lgNt1NG7Dv0wMQfCccUpMVLGcK618s890Yg==",
      "requires": {
        "@babel/runtime": "^7.12.5",
        "global": "^4.4.0",
        "url-toolkit": "^2.2.1"
      }
    },
    "@videojs/xhr": {
      "version": "2.5.1",
      "resolved": "https://registry.npmjs.org/@videojs/xhr/-/xhr-2.5.1.tgz",
      "integrity": "sha512-wV9nGESHseSK+S9ePEru2+OJZ1jq/ZbbzniGQ4weAmTIepuBMSYPx5zrxxQA0E786T5ykpO8ts+LayV+3/oI2w==",
      "requires": {
        "@babel/runtime": "^7.5.5",
        "global": "~4.4.0",
        "is-function": "^1.0.1"
      }
    },
    "aes-decrypter": {
      "version": "3.1.2",
      "resolved": "https://registry.npmjs.org/aes-decrypter/-/aes-decrypter-3.1.2.tgz",
      "integrity": "sha512-42nRwfQuPRj9R1zqZBdoxnaAmnIFyDi0MNyTVhjdFOd8fifXKKRfwIHIZ6AMn1or4x5WONzjwRTbTWcsIQ0O4A==",
      "requires": {
        "@babel/runtime": "^7.12.5",
        "@videojs/vhs-utils": "^3.0.0",
        "global": "^4.4.0",
        "pkcs7": "^1.0.4"
      }
    },
    "amcharts3": {
      "version": "github:amcharts/amcharts3#2fa0269779665bea270ddda447b4cc59418e999b",
      "from": "github:amcharts/amcharts3#2fa0269779665bea270ddda447b4cc59418e999b"
    },
    "bootbox": {
      "version": "4.4.0",
      "resolved": "https://registry.npmjs.org/bootbox/-/bootbox-4.4.0.tgz",
      "integrity": "sha1-/3+Jj7h9RSflR/62QVj4hFDRoMk="
    },
    "bootstrap": {
      "version": "3.4.1",
      "resolved": "https://registry.npmjs.org/bootstrap/-/bootstrap-3.4.1.tgz",
      "integrity": "sha512-yN5oZVmRCwe5aKwzRj6736nSmKDX7pLYwsXiCj/EYmo16hODaBiT4En5btW/jhBF/seV+XMx3aYwukYC3A49DA=="
    },
    "bootstrap-hover-dropdown": {
      "version": "2.2.1",
      "resolved": "https://registry.npmjs.org/bootstrap-hover-dropdown/-/bootstrap-hover-dropdown-2.2.1.tgz",
      "integrity": "sha1-c1GCpnIxsXOVEs5iOU5IGRTdix4=",
      "requires": {
        "streamqueue": "0.1.3"
      },
      "dependencies": {
        "core-util-is": {
          "version": "1.0.2",
          "resolved": "https://registry.npmjs.org/core-util-is/-/core-util-is-1.0.2.tgz",
          "integrity": "sha1-tf1UIgqivFq1eqtxQMlAdUUDwac="
        },
        "inherits": {
          "version": "2.0.3",
          "resolved": "https://registry.npmjs.org/inherits/-/inherits-2.0.3.tgz",
          "integrity": "sha1-Yzwsg+PaQqUC9SRmAiSA9CCCYd4="
        },
        "isarray": {
          "version": "0.0.1",
          "resolved": "https://registry.npmjs.org/isarray/-/isarray-0.0.1.tgz",
          "integrity": "sha1-ihis/Kmo9Bd+Cav8YDiTmwXR7t8="
        },
        "isstream": {
          "version": "0.1.2",
          "resolved": "https://registry.npmjs.org/isstream/-/isstream-0.1.2.tgz",
          "integrity": "sha1-R+Y/evVa+m+S4VAOaQ64uFKcCZo="
        },
        "readable-stream": {
          "version": "1.0.34",
          "resolved": "https://registry.npmjs.org/readable-stream/-/readable-stream-1.0.34.tgz",
          "integrity": "sha1-Elgg40vIQtLyqq+v5MKRbuMsFXw=",
          "requires": {
            "core-util-is": "1.0.2",
            "inherits": "2.0.3",
            "isarray": "0.0.1",
            "string_decoder": "0.10.31"
          }
        },
        "streamqueue": {
          "version": "0.1.3",
          "resolved": "https://registry.npmjs.org/streamqueue/-/streamqueue-0.1.3.tgz",
          "integrity": "sha1-sQ1lFYr1ec46X0jJJ20B2yPU+LU=",
          "requires": {
            "isstream": "0.1.2",
            "readable-stream": "1.0.34"
          }
        },
        "string_decoder": {
          "version": "0.10.31",
          "resolved": "https://registry.npmjs.org/string_decoder/-/string_decoder-0.10.31.tgz",
          "integrity": "sha1-YuIDvEF2bGwoyfyEMB2rHFMQ+pQ="
        }
      }
    },
    "cssify": {
      "version": "0.3.0",
      "resolved": "https://registry.npmjs.org/cssify/-/cssify-0.3.0.tgz",
      "integrity": "sha1-IshLWiqpbL7EqfK43d1sbKNX8yk=",
      "requires": {
        "through": "2.3.8"
      }
    },
    "dom-walk": {
      "version": "0.1.2",
      "resolved": "https://registry.npmjs.org/dom-walk/-/dom-walk-0.1.2.tgz",
      "integrity": "sha512-6QvTW9mrGeIegrFXdtQi9pk7O/nSK6lSdXW2eqUspN5LWD7UTji2Fqw5V2YLjBpHEoU9Xl/eUWNpDeZvoyOv2w=="
    },
    "fullcalendar": {
      "version": "3.4.0",
      "resolved": "https://registry.npmjs.org/fullcalendar/-/fullcalendar-3.4.0.tgz",
      "integrity": "sha1-NNq/8qvl6F9wAlx4mludw+pMR2I=",
      "requires": {
        "jquery": "3.2.1",
        "moment": "2.18.1"
      },
      "dependencies": {
        "jquery": {
          "version": "3.2.1",
          "resolved": "https://registry.npmjs.org/jquery/-/jquery-3.2.1.tgz",
          "integrity": "sha1-XE2d5lKvbNCncBVKYxu6ErAVx4c="
        },
        "moment": {
          "version": "2.18.1",
          "resolved": "https://registry.npmjs.org/moment/-/moment-2.18.1.tgz",
          "integrity": "sha1-w2GT3Tzhwu7SrbfIAtu8d6gbHA8="
        }
      }
    },
    "global": {
      "version": "4.4.0",
      "resolved": "https://registry.npmjs.org/global/-/global-4.4.0.tgz",
      "integrity": "sha512-wv/LAoHdRE3BeTGz53FAamhGlPLhlssK45usmGFThIi4XqnBmjKQ16u+RNbP7WvigRZDxUsM0J3gcQ5yicaL0w==",
      "requires": {
        "min-document": "^2.19.0",
        "process": "^0.11.10"
      }
    },
    "icheck": {
      "version": "1.0.2",
      "resolved": "https://registry.npmjs.org/icheck/-/icheck-1.0.2.tgz",
      "integrity": "sha1-BtCNo9R65EjBU7Jjm4bprX/fcSg="
    },
    "individual": {
      "version": "2.0.0",
      "resolved": "https://registry.npmjs.org/individual/-/individual-2.0.0.tgz",
      "integrity": "sha1-gzsJfa0jKU52EXqY+zjg2a1hu5c="
    },
    "is-function": {
      "version": "1.0.2",
      "resolved": "https://registry.npmjs.org/is-function/-/is-function-1.0.2.tgz",
      "integrity": "sha512-lw7DUp0aWXYg+CBCN+JKkcE0Q2RayZnSvnZBlwgxHBQhqt5pZNVy4Ri7H9GmmXkdu7LUthszM+Tor1u/2iBcpQ=="
    },
    "isotope-layout": {
      "version": "3.0.4",
      "resolved": "https://registry.npmjs.org/isotope-layout/-/isotope-layout-3.0.4.tgz",
      "integrity": "sha1-8+2NFfjPs4ULEXd/HKduCou1tzo=",
      "requires": {
        "desandro-matches-selector": "2.0.2",
        "fizzy-ui-utils": "2.0.5",
        "get-size": "2.0.2",
        "masonry-layout": "4.2.0",
        "outlayer": "2.1.1"
      },
      "dependencies": {
        "desandro-matches-selector": {
          "version": "2.0.2",
          "resolved": "https://registry.npmjs.org/desandro-matches-selector/-/desandro-matches-selector-2.0.2.tgz",
          "integrity": "sha1-cXvu1NwT59jzdi9wem1YpndCGOE="
        },
        "ev-emitter": {
          "version": "1.1.1",
          "resolved": "https://registry.npmjs.org/ev-emitter/-/ev-emitter-1.1.1.tgz",
          "integrity": "sha512-ipiDYhdQSCZ4hSbX4rMW+XzNKMD1prg/sTvoVmSLkuQ1MVlwjJQQA+sW8tMYR3BLUr9KjodFV4pvzunvRhd33Q=="
        },
        "fizzy-ui-utils": {
          "version": "2.0.5",
          "resolved": "https://registry.npmjs.org/fizzy-ui-utils/-/fizzy-ui-utils-2.0.5.tgz",
          "integrity": "sha1-1y3rx00snSctvLt7ABcHiX9sMhA=",
          "requires": {
            "desandro-matches-selector": "2.0.2"
          }
        },
        "get-size": {
          "version": "2.0.2",
          "resolved": "https://registry.npmjs.org/get-size/-/get-size-2.0.2.tgz",
          "integrity": "sha1-VV6pirhzLgwCHp4j4iGa3L45jpg="
        },
        "masonry-layout": {
          "version": "4.2.0",
          "resolved": "https://registry.npmjs.org/masonry-layout/-/masonry-layout-4.2.0.tgz",
          "integrity": "sha1-Q4Nca24Ncu/ywxoRjIAAzMxKuWU=",
          "requires": {
            "get-size": "2.0.2",
            "outlayer": "2.1.1"
          }
        },
        "outlayer": {
          "version": "2.1.1",
          "resolved": "https://registry.npmjs.org/outlayer/-/outlayer-2.1.1.tgz",
          "integrity": "sha1-KYY7beEOpdrf/8rfoNcokHOH6aI=",
          "requires": {
            "ev-emitter": "1.1.1",
            "fizzy-ui-utils": "2.0.5",
            "get-size": "2.0.2"
          }
        }
      }
    },
    "jasny-bootstrap": {
      "version": "3.1.3",
      "resolved": "https://registry.npmjs.org/jasny-bootstrap/-/jasny-bootstrap-3.1.3.tgz",
      "integrity": "sha1-sHKmgdUMZJdiyVQ8emCT2bqi+Hs="
    },
    "jquery": {
      "version": "3.5.0",
      "resolved": "https://registry.npmjs.org/jquery/-/jquery-3.5.0.tgz",
      "integrity": "sha512-Xb7SVYMvygPxbFMpTFQiHh1J7HClEaThguL15N/Gg37Lri/qKyhRGZYzHRyLH8Stq3Aow0LsHO2O2ci86fCrNQ=="
    },
    "jquery-migrate": {
      "version": "3.0.0",
      "resolved": "https://registry.npmjs.org/jquery-migrate/-/jquery-migrate-3.0.0.tgz",
      "integrity": "sha1-A/MgWW/hodsJzc+3SxRXGZSq17s="
    },
    "jquery-ui": {
      "version": "1.13.0",
      "resolved": "https://registry.npmjs.org/jquery-ui/-/jquery-ui-1.13.0.tgz",
      "integrity": "sha512-Osf7ECXNTYHtKBkn9xzbIf9kifNrBhfywFEKxOeB/OVctVmLlouV9mfc2qXCp6uyO4Pn72PXKOnj09qXetopCw==",
      "requires": {
        "jquery": ">=1.8.0 <4.0.0"
      }
    },
    "jquery-validation": {
      "version": "1.19.3",
      "resolved": "https://registry.npmjs.org/jquery-validation/-/jquery-validation-1.19.3.tgz",
      "integrity": "sha512-iXxCS5W7STthSTMFX/NDZfWHBLbJ1behVK3eAgHXAV8/0vRa9M4tiqHvJMr39VGWHMGdlkhrtrkBuaL2UlE8yw=="
    },
    "jquery-visible": {
      "version": "1.2.0",
      "resolved": "https://registry.npmjs.org/jquery-visible/-/jquery-visible-1.2.0.tgz",
      "integrity": "sha1-SDnKxJLy5/cF/QaxzeICtdqXwek="
    },
    "jquery.maskedinput": {
      "version": "1.4.1",
      "resolved": "https://registry.npmjs.org/jquery.maskedinput/-/jquery.maskedinput-1.4.1.tgz",
      "integrity": "sha1-Pqj0zcTq/Oc1TCe2anPQ9E3vwyc="
    },
    "jquery.rateit": {
      "version": "1.1.1",
      "resolved": "https://registry.npmjs.org/jquery.rateit/-/jquery.rateit-1.1.1.tgz",
      "integrity": "sha1-nmBFYaDd2FwWhbMAYyOvCKEPCYs=",
      "requires": {
        "jquery": "3.2.1"
      },
      "dependencies": {
        "jquery": {
          "version": "3.2.1",
          "resolved": "https://registry.npmjs.org/jquery/-/jquery-3.2.1.tgz",
          "integrity": "sha1-XE2d5lKvbNCncBVKYxu6ErAVx4c="
        }
      }
    },
    "jstree": {
      "version": "3.3.4",
      "resolved": "https://registry.npmjs.org/jstree/-/jstree-3.3.4.tgz",
      "integrity": "sha1-PQibuWI71vPyX2TE5M5UezDUAmQ=",
      "requires": {
        "jquery": "3.2.1"
      },
      "dependencies": {
        "jquery": {
          "version": "3.2.1",
          "resolved": "https://registry.npmjs.org/jquery/-/jquery-3.2.1.tgz",
          "integrity": "sha1-XE2d5lKvbNCncBVKYxu6ErAVx4c="
        }
      }
    },
    "keycode": {
      "version": "2.2.1",
      "resolved": "https://registry.npmjs.org/keycode/-/keycode-2.2.1.tgz",
      "integrity": "sha512-Rdgz9Hl9Iv4QKi8b0OlCRQEzp4AgVxyCtz5S/+VIHezDmrDhkp2N2TqBWOLz0/gbeREXOOiI9/4b8BY9uw2vFg=="
    },
    "m3u8-parser": {
      "version": "4.7.0",
      "resolved": "https://registry.npmjs.org/m3u8-parser/-/m3u8-parser-4.7.0.tgz",
      "integrity": "sha512-48l/OwRyjBm+QhNNigEEcRcgbRvnUjL7rxs597HmW9QSNbyNvt+RcZ9T/d9vxi9A9z7EZrB1POtZYhdRlwYQkQ==",
      "requires": {
        "@babel/runtime": "^7.12.5",
        "@videojs/vhs-utils": "^3.0.0",
        "global": "^4.4.0"
      }
    },
    "magnific-popup": {
      "version": "1.1.0",
      "resolved": "https://registry.npmjs.org/magnific-popup/-/magnific-popup-1.1.0.tgz",
      "integrity": "sha1-PnNixb0Y9nhf6Z5Z0BPiCvM9MEk="
    },
    "malihu-custom-scrollbar-plugin": {
      "version": "3.1.5",
      "resolved": "https://registry.npmjs.org/malihu-custom-scrollbar-plugin/-/malihu-custom-scrollbar-plugin-3.1.5.tgz",
      "integrity": "sha1-MQzsxeWUFaHCnp37XStuAdZqKe8=",
      "requires": {
        "jquery-mousewheel": "3.1.13"
      },
      "dependencies": {
        "jquery-mousewheel": {
          "version": "3.1.13",
          "resolved": "https://registry.npmjs.org/jquery-mousewheel/-/jquery-mousewheel-3.1.13.tgz",
          "integrity": "sha1-BvAzXxbjU6aV5yBr9QUDy1I6buU="
        }
      }
    },
    "min-document": {
      "version": "2.19.0",
      "resolved": "https://registry.npmjs.org/min-document/-/min-document-2.19.0.tgz",
      "integrity": "sha1-e9KC4/WELtKVu3SM3Z8f+iyCRoU=",
      "requires": {
        "dom-walk": "^0.1.0"
      }
    },
    "mpd-parser": {
      "version": "0.17.0",
      "resolved": "https://registry.npmjs.org/mpd-parser/-/mpd-parser-0.17.0.tgz",
      "integrity": "sha512-oKS5G0jCcHHJ3sHYlcLeM9Xcbuixl08eAx7QW0Th7ChlZiI0YvLtGaHE/L0aKUBJFNvtkeksIr8XgJgSBBsS4g==",
      "requires": {
        "@babel/runtime": "^7.12.5",
        "@videojs/vhs-utils": "^3.0.2",
        "global": "^4.4.0",
        "xmldom": "^0.5.0"
      }
    },
    "mux.js": {
      "version": "5.12.2",
      "resolved": "https://registry.npmjs.org/mux.js/-/mux.js-5.12.2.tgz",
      "integrity": "sha512-9OY1lrFIo7FxMeIC6aLUftiNv97AztufDfi30N7qDll1Pcy7bCxlHztyHp1Ce0KQwy2XqchGeENPS4v1NJngHQ==",
      "requires": {
        "@babel/runtime": "^7.11.2"
      }
    },
    "pkcs7": {
      "version": "1.0.4",
      "resolved": "https://registry.npmjs.org/pkcs7/-/pkcs7-1.0.4.tgz",
      "integrity": "sha512-afRERtHn54AlwaF2/+LFszyAANTCggGilmcmILUzEjvs3XgFZT+xE6+QWQcAGmu4xajy+Xtj7acLOPdx5/eXWQ==",
      "requires": {
        "@babel/runtime": "^7.5.5"
      }
    },
    "process": {
      "version": "0.11.10",
      "resolved": "https://registry.npmjs.org/process/-/process-0.11.10.tgz",
      "integrity": "sha1-czIwDoQBYb2j5podHZGn1LwW8YI="
    },
    "progressbar.js": {
      "version": "1.0.1",
      "resolved": "https://registry.npmjs.org/progressbar.js/-/progressbar.js-1.0.1.tgz",
      "integrity": "sha1-9/v8GVJA/guzL2972y5/9ADqcfk=",
      "requires": {
        "shifty": "1.5.4"
      },
      "dependencies": {
        "shifty": {
          "version": "1.5.4",
          "resolved": "https://registry.npmjs.org/shifty/-/shifty-1.5.4.tgz",
          "integrity": "sha1-1DYvyRTdKA3fblIr5AiyEgMgg0Y="
        }
      }
    },
    "regenerator-runtime": {
      "version": "0.13.9",
      "resolved": "https://registry.npmjs.org/regenerator-runtime/-/regenerator-runtime-0.13.9.tgz",
      "integrity": "sha512-p3VT+cOEgxFsRRA9X4lkI1E+k2/CtnKtU4gcxyaCUreilL/vqI6CdZ3wxVUx3UOUg+gnUOQQcRI7BmSI656MYA=="
    },
    "rust-result": {
      "version": "1.0.0",
      "resolved": "https://registry.npmjs.org/rust-result/-/rust-result-1.0.0.tgz",
      "integrity": "sha1-NMdbLm3Dn+WHXlveyFteD5FTb3I=",
      "requires": {
        "individual": "^2.0.0"
      }
    },
    "safe-json-parse": {
      "version": "4.0.0",
      "resolved": "https://registry.npmjs.org/safe-json-parse/-/safe-json-parse-4.0.0.tgz",
      "integrity": "sha1-fA9XjPzNEtM6ccDgVBPi7KFx6qw=",
      "requires": {
        "rust-result": "^1.0.0"
      }
    },
    "skycons": {
      "version": "1.0.0",
      "resolved": "https://registry.npmjs.org/skycons/-/skycons-1.0.0.tgz",
      "integrity": "sha1-r7FgxZAUcKroRnb7w4u9fdW2nY8="
    },
    "slick-carousel": {
      "version": "1.7.1",
      "resolved": "https://registry.npmjs.org/slick-carousel/-/slick-carousel-1.7.1.tgz",
      "integrity": "sha1-UfVIm7tSISVCzL6fQmifgYvSntI=",
      "requires": {
        "jquery": "3.2.1"
      },
      "dependencies": {
        "jquery": {
          "version": "3.2.1",
          "resolved": "https://registry.npmjs.org/jquery/-/jquery-3.2.1.tgz",
          "integrity": "sha1-XE2d5lKvbNCncBVKYxu6ErAVx4c="
        }
      }
    },
    "sticky-table-headers": {
      "version": "0.1.19",
      "resolved": "https://registry.npmjs.org/sticky-table-headers/-/sticky-table-headers-0.1.19.tgz",
      "integrity": "sha1-Jlcxs55GL98lHcvV6EvxuybZdG0="
    },
    "summernote": {
      "version": "0.8.8",
      "resolved": "https://registry.npmjs.org/summernote/-/summernote-0.8.8.tgz",
      "integrity": "sha1-MkT/lF5awWcFGdSwxBjkA0Ecrj4=",
      "requires": {
        "bootstrap": "3.3.7"
      },
      "dependencies": {
        "bootstrap": {
          "version": "3.3.7",
          "resolved": "https://registry.npmjs.org/bootstrap/-/bootstrap-3.3.7.tgz",
          "integrity": "sha1-WjiTlFSfIzMIdaOxUGVldPip63E="
        }
      }
    },
    "switchery": {
      "version": "0.0.2",
      "resolved": "https://registry.npmjs.org/switchery/-/switchery-0.0.2.tgz",
      "integrity": "sha1-jVIsTrMli6zGyRvsmA4ORuMS0G4=",
      "requires": {
        "cssify": "0.3.0"
      }
    },
    "through": {
      "version": "2.3.8",
      "resolved": "https://registry.npmjs.org/through/-/through-2.3.8.tgz",
      "integrity": "sha1-DdTJ/6q8NXlgsbckEV1+Doai4fU="
    },
    "url-toolkit": {
      "version": "2.2.5",
      "resolved": "https://registry.npmjs.org/url-toolkit/-/url-toolkit-2.2.5.tgz",
      "integrity": "sha512-mtN6xk+Nac+oyJ/PrI7tzfmomRVNFIWKUbG8jdYFt52hxbiReFAXIjYskvu64/dvuW71IcB7lV8l0HvZMac6Jg=="
    },
    "video.js": {
      "version": "7.14.3",
      "resolved": "https://registry.npmjs.org/video.js/-/video.js-7.14.3.tgz",
      "integrity": "sha512-6avCdSIfn5ss5NOgoQfY/xEfPNcz9DXSw+ZN80NwPguCdRd4VL4y40b/d7osYJwyCdF+YkvhqAW7dw4s0vBigg==",
      "requires": {
        "@babel/runtime": "^7.12.5",
        "@videojs/http-streaming": "2.9.2",
        "@videojs/vhs-utils": "^3.0.2",
        "@videojs/xhr": "2.5.1",
        "aes-decrypter": "3.1.2",
        "global": "^4.4.0",
        "keycode": "^2.2.0",
        "m3u8-parser": "4.7.0",
        "mpd-parser": "0.17.0",
        "mux.js": "5.12.2",
        "safe-json-parse": "4.0.0",
        "videojs-font": "3.2.0",
        "videojs-vtt.js": "^0.15.3"
      }
    },
    "videojs-font": {
      "version": "3.2.0",
      "resolved": "https://registry.npmjs.org/videojs-font/-/videojs-font-3.2.0.tgz",
      "integrity": "sha512-g8vHMKK2/JGorSfqAZQUmYYNnXmfec4MLhwtEFS+mMs2IDY398GLysy6BH6K+aS1KMNu/xWZ8Sue/X/mdQPliA=="
    },
    "videojs-vtt.js": {
      "version": "0.15.3",
      "resolved": "https://registry.npmjs.org/videojs-vtt.js/-/videojs-vtt.js-0.15.3.tgz",
      "integrity": "sha512-5FvVsICuMRx6Hd7H/Y9s9GDeEtYcXQWzGMS+sl4UX3t/zoHp3y+isSfIPRochnTH7h+Bh1ILyC639xy9Z6kPag==",
      "requires": {
        "global": "^4.3.1"
      }
    },
    "weather-icons": {
      "version": "1.3.2",
      "resolved": "https://registry.npmjs.org/weather-icons/-/weather-icons-1.3.2.tgz",
      "integrity": "sha1-isAA+ShYQnJSuAzFega/qCeQCsA="
    },
    "xmldom": {
      "version": "0.5.0",
      "resolved": "https://registry.npmjs.org/xmldom/-/xmldom-0.5.0.tgz",
      "integrity": "sha512-Foaj5FXVzgn7xFzsKeNIde9g6aFBxTPi37iwsno8QvApmtg7KYrr+OPyRHcJF7dud2a5nGRBXK3n0dL62Gf7PA=="
    }
  }
}
